// !$*UTF8*$!
{
	archiveVersion = 1;
	classes = {
	};
	objectVersion = 46;
	objects = {

/* Begin PBXAggregateTarget section */
		"MultipartFormData::MultipartFormDataPackageTests::ProductTarget" /* MultipartFormDataPackageTests */ = {
			isa = PBXAggregateTarget;
			buildConfigurationList = OBJ_39 /* Build configuration list for PBXAggregateTarget "MultipartFormDataPackageTests" */;
			buildPhases = (
			);
			dependencies = (
				OBJ_42 /* PBXTargetDependency */,
			);
			name = MultipartFormDataPackageTests;
			productName = MultipartFormDataPackageTests;
		};
/* End PBXAggregateTarget section */

/* Begin PBXBuildFile section */
		2475E0D5E2773BA4603E3EC6 /* ContentTypeTests.swift in Sources */ = {isa = PBXBuildFile; fileRef = 2475E121FCC1293508346E8F /* ContentTypeTests.swift */; };
		2475E1A162712F9F649AB0AD /* ValidationResult.swift in Sources */ = {isa = PBXBuildFile; fileRef = 2475E8AA054C727A29EC7681 /* ValidationResult.swift */; };
		2475E2281C2495E07D6D8CA9 /* BoundaryGenerator.swift in Sources */ = {isa = PBXBuildFile; fileRef = 2475E4B7D2F723F738F2E007 /* BoundaryGenerator.swift */; };
		2475E2FF4351A87B272D0F7B /* ContentDispositionTests.swift in Sources */ = {isa = PBXBuildFile; fileRef = 2475E32FCACCA7407F33C0CD /* ContentDispositionTests.swift */; };
		2475E3509B820ACA79023A1C /* MultipartFormData+Part.swift in Sources */ = {isa = PBXBuildFile; fileRef = 2475EA5AF67DBA364CF5E4B2 /* MultipartFormData+Part.swift */; };
		2475E4A890F7A4A5639BC643 /* CRLF.swift in Sources */ = {isa = PBXBuildFile; fileRef = 2475E81411D9D559F7F10630 /* CRLF.swift */; };
		2475E579CBDABF38E0B9D480 /* MIMEType.swift in Sources */ = {isa = PBXBuildFile; fileRef = 2475E29B2FE43643D1A7E39D /* MIMEType.swift */; };
		2475E5DAEB0C0094029E813D /* ContentDisposition.swift in Sources */ = {isa = PBXBuildFile; fileRef = 2475ED4161A2BCF026D922F5 /* ContentDisposition.swift */; };
		2475E5F76D34B19B9BC1D2ED /* NameTests.swift in Sources */ = {isa = PBXBuildFile; fileRef = 2475EF79EA7D4B425B9ED84D /* NameTests.swift */; };
		2475E76801BAF80A8500EFC6 /* Dash.swift in Sources */ = {isa = PBXBuildFile; fileRef = 2475E47794278EE806B3956C /* Dash.swift */; };
		2475E8E2C02D072A637A6591 /* MultipartFormDataBuilderTests.swift in Sources */ = {isa = PBXBuildFile; fileRef = 2475EB96AB961A924C28CB1F /* MultipartFormDataBuilderTests.swift */; };
		2475E98937B5365758B34197 /* CompatibilityTests.swift in Sources */ = {isa = PBXBuildFile; fileRef = 2475E2BEB8A5CCE0A6F29A00 /* CompatibilityTests.swift */; };
		2475EA665B4BC80AEAA8A1BA /* Filename.swift in Sources */ = {isa = PBXBuildFile; fileRef = 2475EE4FF72DC0E3F21392BB /* Filename.swift */; };
		2475EB84CA24B272BBF444B6 /* Name.swift in Sources */ = {isa = PBXBuildFile; fileRef = 2475E5AFA7B3F8B6E8EC728B /* Name.swift */; };
		2475EDF70A4FE58583DDD6B7 /* FilenameTests.swift in Sources */ = {isa = PBXBuildFile; fileRef = 2475E0CB6E13CDE491E6777F /* FilenameTests.swift */; };
		2475EE512EA38B1FF3C31C56 /* ContentType.swift in Sources */ = {isa = PBXBuildFile; fileRef = 2475E7966BB1F03216D254FB /* ContentType.swift */; };
		2475EE92C74A97CAB4C14121 /* MultipartFormData+Builder.swift in Sources */ = {isa = PBXBuildFile; fileRef = 2475E5EC12E2409115CD01E9 /* MultipartFormData+Builder.swift */; };
		621346721FA5EF5800DD098E /* MultipartFormData.swift in Sources */ = {isa = PBXBuildFile; fileRef = OBJ_9 /* MultipartFormData.swift */; };
		621346731FA5EF5800DD098E /* Filename.swift in Sources */ = {isa = PBXBuildFile; fileRef = 2475EE4FF72DC0E3F21392BB /* Filename.swift */; };
		621346741FA5EF5800DD098E /* ValidationResult.swift in Sources */ = {isa = PBXBuildFile; fileRef = 2475E8AA054C727A29EC7681 /* ValidationResult.swift */; };
		621346751FA5EF5800DD098E /* Name.swift in Sources */ = {isa = PBXBuildFile; fileRef = 2475E5AFA7B3F8B6E8EC728B /* Name.swift */; };
		621346761FA5EF5800DD098E /* ContentDisposition.swift in Sources */ = {isa = PBXBuildFile; fileRef = 2475ED4161A2BCF026D922F5 /* ContentDisposition.swift */; };
		621346771FA5EF5800DD098E /* ContentType.swift in Sources */ = {isa = PBXBuildFile; fileRef = 2475E7966BB1F03216D254FB /* ContentType.swift */; };
		621346781FA5EF5800DD098E /* MIMEType.swift in Sources */ = {isa = PBXBuildFile; fileRef = 2475E29B2FE43643D1A7E39D /* MIMEType.swift */; };
		621346791FA5EF5800DD098E /* CRLF.swift in Sources */ = {isa = PBXBuildFile; fileRef = 2475E81411D9D559F7F10630 /* CRLF.swift */; };
		6213467A1FA5EF5800DD098E /* Dash.swift in Sources */ = {isa = PBXBuildFile; fileRef = 2475E47794278EE806B3956C /* Dash.swift */; };
		6213467B1FA5EF5800DD098E /* BoundaryGenerator.swift in Sources */ = {isa = PBXBuildFile; fileRef = 2475E4B7D2F723F738F2E007 /* BoundaryGenerator.swift */; };
		6213467C1FA5EF5800DD098E /* MultipartFormData+Builder.swift in Sources */ = {isa = PBXBuildFile; fileRef = 2475E5EC12E2409115CD01E9 /* MultipartFormData+Builder.swift */; };
		6213467D1FA5EF5800DD098E /* MultipartFormData+Part.swift in Sources */ = {isa = PBXBuildFile; fileRef = 2475EA5AF67DBA364CF5E4B2 /* MultipartFormData+Part.swift */; };
		6213467E1FA5EF5E00DD098E /* MultipartFormData.swift in Sources */ = {isa = PBXBuildFile; fileRef = OBJ_9 /* MultipartFormData.swift */; };
		6213467F1FA5EF5E00DD098E /* Filename.swift in Sources */ = {isa = PBXBuildFile; fileRef = 2475EE4FF72DC0E3F21392BB /* Filename.swift */; };
		621346801FA5EF5E00DD098E /* ValidationResult.swift in Sources */ = {isa = PBXBuildFile; fileRef = 2475E8AA054C727A29EC7681 /* ValidationResult.swift */; };
		621346811FA5EF5E00DD098E /* Name.swift in Sources */ = {isa = PBXBuildFile; fileRef = 2475E5AFA7B3F8B6E8EC728B /* Name.swift */; };
		621346821FA5EF5E00DD098E /* ContentDisposition.swift in Sources */ = {isa = PBXBuildFile; fileRef = 2475ED4161A2BCF026D922F5 /* ContentDisposition.swift */; };
		621346831FA5EF5E00DD098E /* ContentType.swift in Sources */ = {isa = PBXBuildFile; fileRef = 2475E7966BB1F03216D254FB /* ContentType.swift */; };
		621346841FA5EF5E00DD098E /* MIMEType.swift in Sources */ = {isa = PBXBuildFile; fileRef = 2475E29B2FE43643D1A7E39D /* MIMEType.swift */; };
		621346851FA5EF5E00DD098E /* CRLF.swift in Sources */ = {isa = PBXBuildFile; fileRef = 2475E81411D9D559F7F10630 /* CRLF.swift */; };
		621346861FA5EF5E00DD098E /* Dash.swift in Sources */ = {isa = PBXBuildFile; fileRef = 2475E47794278EE806B3956C /* Dash.swift */; };
		621346871FA5EF5E00DD098E /* BoundaryGenerator.swift in Sources */ = {isa = PBXBuildFile; fileRef = 2475E4B7D2F723F738F2E007 /* BoundaryGenerator.swift */; };
		621346881FA5EF5E00DD098E /* MultipartFormData+Builder.swift in Sources */ = {isa = PBXBuildFile; fileRef = 2475E5EC12E2409115CD01E9 /* MultipartFormData+Builder.swift */; };
		621346891FA5EF5E00DD098E /* MultipartFormData+Part.swift in Sources */ = {isa = PBXBuildFile; fileRef = 2475EA5AF67DBA364CF5E4B2 /* MultipartFormData+Part.swift */; };
		6213468A1FA5EF6100DD098E /* MultipartFormData.swift in Sources */ = {isa = PBXBuildFile; fileRef = OBJ_9 /* MultipartFormData.swift */; };
		6213468B1FA5EF6100DD098E /* Filename.swift in Sources */ = {isa = PBXBuildFile; fileRef = 2475EE4FF72DC0E3F21392BB /* Filename.swift */; };
		6213468C1FA5EF6100DD098E /* ValidationResult.swift in Sources */ = {isa = PBXBuildFile; fileRef = 2475E8AA054C727A29EC7681 /* ValidationResult.swift */; };
		6213468D1FA5EF6100DD098E /* Name.swift in Sources */ = {isa = PBXBuildFile; fileRef = 2475E5AFA7B3F8B6E8EC728B /* Name.swift */; };
		6213468E1FA5EF6100DD098E /* ContentDisposition.swift in Sources */ = {isa = PBXBuildFile; fileRef = 2475ED4161A2BCF026D922F5 /* ContentDisposition.swift */; };
		6213468F1FA5EF6100DD098E /* ContentType.swift in Sources */ = {isa = PBXBuildFile; fileRef = 2475E7966BB1F03216D254FB /* ContentType.swift */; };
		621346901FA5EF6100DD098E /* MIMEType.swift in Sources */ = {isa = PBXBuildFile; fileRef = 2475E29B2FE43643D1A7E39D /* MIMEType.swift */; };
		621346911FA5EF6100DD098E /* CRLF.swift in Sources */ = {isa = PBXBuildFile; fileRef = 2475E81411D9D559F7F10630 /* CRLF.swift */; };
		621346921FA5EF6100DD098E /* Dash.swift in Sources */ = {isa = PBXBuildFile; fileRef = 2475E47794278EE806B3956C /* Dash.swift */; };
		621346931FA5EF6100DD098E /* BoundaryGenerator.swift in Sources */ = {isa = PBXBuildFile; fileRef = 2475E4B7D2F723F738F2E007 /* BoundaryGenerator.swift */; };
		621346941FA5EF6100DD098E /* MultipartFormData+Builder.swift in Sources */ = {isa = PBXBuildFile; fileRef = 2475E5EC12E2409115CD01E9 /* MultipartFormData+Builder.swift */; };
		621346951FA5EF6100DD098E /* MultipartFormData+Part.swift in Sources */ = {isa = PBXBuildFile; fileRef = 2475EA5AF67DBA364CF5E4B2 /* MultipartFormData+Part.swift */; };
		OBJ_21 /* Package.swift in Sources */ = {isa = PBXBuildFile; fileRef = OBJ_6 /* Package.swift */; };
		OBJ_27 /* MultipartFormDataTests.swift in Sources */ = {isa = PBXBuildFile; fileRef = OBJ_12 /* MultipartFormDataTests.swift */; };
		OBJ_29 /* MultipartFormData.framework in Frameworks */ = {isa = PBXBuildFile; fileRef = "MultipartFormData::MultipartFormData::Product" /* MultipartFormData.framework */; };
		OBJ_36 /* MultipartFormData.swift in Sources */ = {isa = PBXBuildFile; fileRef = OBJ_9 /* MultipartFormData.swift */; };
/* End PBXBuildFile section */

/* Begin PBXContainerItemProxy section */
		62858A5B1FA4EE2D0051CAED /* PBXContainerItemProxy */ = {
			isa = PBXContainerItemProxy;
			containerPortal = OBJ_1 /* Project object */;
			proxyType = 1;
			remoteGlobalIDString = "MultipartFormData::MultipartFormData";
			remoteInfo = MultipartFormData;
		};
		62858A5C1FA4EE2E0051CAED /* PBXContainerItemProxy */ = {
			isa = PBXContainerItemProxy;
			containerPortal = OBJ_1 /* Project object */;
			proxyType = 1;
			remoteGlobalIDString = "MultipartFormData::MultipartFormDataTests";
			remoteInfo = MultipartFormDataTests;
		};
/* End PBXContainerItemProxy section */

/* Begin PBXFileReference section */
		2475E0CB6E13CDE491E6777F /* FilenameTests.swift */ = {isa = PBXFileReference; fileEncoding = 4; lastKnownFileType = sourcecode.swift; path = FilenameTests.swift; sourceTree = "<group>"; };
		2475E121FCC1293508346E8F /* ContentTypeTests.swift */ = {isa = PBXFileReference; fileEncoding = 4; lastKnownFileType = sourcecode.swift; path = ContentTypeTests.swift; sourceTree = "<group>"; };
		2475E29B2FE43643D1A7E39D /* MIMEType.swift */ = {isa = PBXFileReference; fileEncoding = 4; lastKnownFileType = sourcecode.swift; path = MIMEType.swift; sourceTree = "<group>"; };
		2475E2BEB8A5CCE0A6F29A00 /* CompatibilityTests.swift */ = {isa = PBXFileReference; fileEncoding = 4; lastKnownFileType = sourcecode.swift; path = CompatibilityTests.swift; sourceTree = "<group>"; };
		2475E32FCACCA7407F33C0CD /* ContentDispositionTests.swift */ = {isa = PBXFileReference; fileEncoding = 4; lastKnownFileType = sourcecode.swift; path = ContentDispositionTests.swift; sourceTree = "<group>"; };
		2475E47794278EE806B3956C /* Dash.swift */ = {isa = PBXFileReference; fileEncoding = 4; lastKnownFileType = sourcecode.swift; path = Dash.swift; sourceTree = "<group>"; };
		2475E4B7D2F723F738F2E007 /* BoundaryGenerator.swift */ = {isa = PBXFileReference; fileEncoding = 4; lastKnownFileType = sourcecode.swift; path = BoundaryGenerator.swift; sourceTree = "<group>"; };
		2475E5AFA7B3F8B6E8EC728B /* Name.swift */ = {isa = PBXFileReference; fileEncoding = 4; lastKnownFileType = sourcecode.swift; path = Name.swift; sourceTree = "<group>"; };
		2475E5EC12E2409115CD01E9 /* MultipartFormData+Builder.swift */ = {isa = PBXFileReference; fileEncoding = 4; lastKnownFileType = sourcecode.swift; path = "MultipartFormData+Builder.swift"; sourceTree = "<group>"; };
		2475E7966BB1F03216D254FB /* ContentType.swift */ = {isa = PBXFileReference; fileEncoding = 4; lastKnownFileType = sourcecode.swift; path = ContentType.swift; sourceTree = "<group>"; };
		2475E81411D9D559F7F10630 /* CRLF.swift */ = {isa = PBXFileReference; fileEncoding = 4; lastKnownFileType = sourcecode.swift; path = CRLF.swift; sourceTree = "<group>"; };
		2475E8AA054C727A29EC7681 /* ValidationResult.swift */ = {isa = PBXFileReference; fileEncoding = 4; lastKnownFileType = sourcecode.swift; path = ValidationResult.swift; sourceTree = "<group>"; };
		2475EA5AF67DBA364CF5E4B2 /* MultipartFormData+Part.swift */ = {isa = PBXFileReference; fileEncoding = 4; lastKnownFileType = sourcecode.swift; path = "MultipartFormData+Part.swift"; sourceTree = "<group>"; };
		2475EB96AB961A924C28CB1F /* MultipartFormDataBuilderTests.swift */ = {isa = PBXFileReference; fileEncoding = 4; lastKnownFileType = sourcecode.swift; path = MultipartFormDataBuilderTests.swift; sourceTree = "<group>"; };
		2475ED4161A2BCF026D922F5 /* ContentDisposition.swift */ = {isa = PBXFileReference; fileEncoding = 4; lastKnownFileType = sourcecode.swift; path = ContentDisposition.swift; sourceTree = "<group>"; };
		2475EE4FF72DC0E3F21392BB /* Filename.swift */ = {isa = PBXFileReference; fileEncoding = 4; lastKnownFileType = sourcecode.swift; path = Filename.swift; sourceTree = "<group>"; };
		2475EF79EA7D4B425B9ED84D /* NameTests.swift */ = {isa = PBXFileReference; fileEncoding = 4; lastKnownFileType = sourcecode.swift; path = NameTests.swift; sourceTree = "<group>"; };
		62D729C51FA5BDB500CD0897 /* MultipartFormData.framework */ = {isa = PBXFileReference; explicitFileType = wrapper.framework; includeInIndex = 0; path = MultipartFormData.framework; sourceTree = BUILT_PRODUCTS_DIR; };
		62D729E11FA5BDD900CD0897 /* MultipartFormData.framework */ = {isa = PBXFileReference; explicitFileType = wrapper.framework; includeInIndex = 0; path = MultipartFormData.framework; sourceTree = BUILT_PRODUCTS_DIR; };
		62D729EE1FA5BDF800CD0897 /* MultipartFormData.framework */ = {isa = PBXFileReference; explicitFileType = wrapper.framework; includeInIndex = 0; path = MultipartFormData.framework; sourceTree = BUILT_PRODUCTS_DIR; };
		"MultipartFormData::MultipartFormData::Product" /* MultipartFormData.framework */ = {isa = PBXFileReference; explicitFileType = wrapper.framework; path = MultipartFormData.framework; sourceTree = BUILT_PRODUCTS_DIR; };
		"MultipartFormData::MultipartFormDataTests::Product" /* MultipartFormDataTests.xctest */ = {isa = PBXFileReference; lastKnownFileType = file; path = MultipartFormDataTests.xctest; sourceTree = BUILT_PRODUCTS_DIR; };
		OBJ_12 /* MultipartFormDataTests.swift */ = {isa = PBXFileReference; lastKnownFileType = sourcecode.swift; path = MultipartFormDataTests.swift; sourceTree = "<group>"; };
		OBJ_6 /* Package.swift */ = {isa = PBXFileReference; explicitFileType = sourcecode.swift; path = Package.swift; sourceTree = "<group>"; };
		OBJ_9 /* MultipartFormData.swift */ = {isa = PBXFileReference; lastKnownFileType = sourcecode.swift; path = MultipartFormData.swift; sourceTree = "<group>"; };
/* End PBXFileReference section */

/* Begin PBXFrameworksBuildPhase section */
		62D729C11FA5BDB500CD0897 /* Frameworks */ = {
			isa = PBXFrameworksBuildPhase;
			buildActionMask = 2147483647;
			files = (
			);
			runOnlyForDeploymentPostprocessing = 0;
		};
		62D729DD1FA5BDD900CD0897 /* Frameworks */ = {
			isa = PBXFrameworksBuildPhase;
			buildActionMask = 2147483647;
			files = (
			);
			runOnlyForDeploymentPostprocessing = 0;
		};
		62D729EA1FA5BDF800CD0897 /* Frameworks */ = {
			isa = PBXFrameworksBuildPhase;
			buildActionMask = 2147483647;
			files = (
			);
			runOnlyForDeploymentPostprocessing = 0;
		};
		OBJ_28 /* Frameworks */ = {
			isa = PBXFrameworksBuildPhase;
			buildActionMask = 0;
			files = (
				OBJ_29 /* MultipartFormData.framework in Frameworks */,
			);
			runOnlyForDeploymentPostprocessing = 0;
		};
		OBJ_37 /* Frameworks */ = {
			isa = PBXFrameworksBuildPhase;
			buildActionMask = 0;
			files = (
			);
			runOnlyForDeploymentPostprocessing = 0;
		};
/* End PBXFrameworksBuildPhase section */

/* Begin PBXGroup section */
		OBJ_10 /* Tests */ = {
			isa = PBXGroup;
			children = (
				OBJ_11 /* MultipartFormDataTests */,
			);
			name = Tests;
			sourceTree = SOURCE_ROOT;
		};
		OBJ_11 /* MultipartFormDataTests */ = {
			isa = PBXGroup;
			children = (
				OBJ_12 /* MultipartFormDataTests.swift */,
				2475E32FCACCA7407F33C0CD /* ContentDispositionTests.swift */,
				2475E121FCC1293508346E8F /* ContentTypeTests.swift */,
				2475E0CB6E13CDE491E6777F /* FilenameTests.swift */,
				2475EF79EA7D4B425B9ED84D /* NameTests.swift */,
				2475EB96AB961A924C28CB1F /* MultipartFormDataBuilderTests.swift */,
				2475E2BEB8A5CCE0A6F29A00 /* CompatibilityTests.swift */,
			);
			name = MultipartFormDataTests;
			path = Tests/MultipartFormDataTests;
			sourceTree = SOURCE_ROOT;
		};
		OBJ_13 /* Products */ = {
			isa = PBXGroup;
			children = (
				"MultipartFormData::MultipartFormDataTests::Product" /* MultipartFormDataTests.xctest */,
				"MultipartFormData::MultipartFormData::Product" /* MultipartFormData.framework */,
				62D729C51FA5BDB500CD0897 /* MultipartFormData.framework */,
				62D729E11FA5BDD900CD0897 /* MultipartFormData.framework */,
				62D729EE1FA5BDF800CD0897 /* MultipartFormData.framework */,
			);
			name = Products;
			sourceTree = BUILT_PRODUCTS_DIR;
		};
		OBJ_5 = {
			isa = PBXGroup;
			children = (
				OBJ_6 /* Package.swift */,
				OBJ_7 /* Sources */,
				OBJ_10 /* Tests */,
				OBJ_13 /* Products */,
			);
			sourceTree = "<group>";
		};
		OBJ_7 /* Sources */ = {
			isa = PBXGroup;
			children = (
				OBJ_8 /* MultipartFormData */,
			);
			name = Sources;
			sourceTree = SOURCE_ROOT;
		};
		OBJ_8 /* MultipartFormData */ = {
			isa = PBXGroup;
			children = (
				OBJ_9 /* MultipartFormData.swift */,
				2475EE4FF72DC0E3F21392BB /* Filename.swift */,
				2475E8AA054C727A29EC7681 /* ValidationResult.swift */,
				2475E5AFA7B3F8B6E8EC728B /* Name.swift */,
				2475ED4161A2BCF026D922F5 /* ContentDisposition.swift */,
				2475E7966BB1F03216D254FB /* ContentType.swift */,
				2475E29B2FE43643D1A7E39D /* MIMEType.swift */,
				2475E81411D9D559F7F10630 /* CRLF.swift */,
				2475E47794278EE806B3956C /* Dash.swift */,
				2475E4B7D2F723F738F2E007 /* BoundaryGenerator.swift */,
				2475E5EC12E2409115CD01E9 /* MultipartFormData+Builder.swift */,
				2475EA5AF67DBA364CF5E4B2 /* MultipartFormData+Part.swift */,
			);
			name = MultipartFormData;
			path = Sources/MultipartFormData;
			sourceTree = SOURCE_ROOT;
		};
/* End PBXGroup section */

/* Begin PBXHeadersBuildPhase section */
		62D729C21FA5BDB500CD0897 /* Headers */ = {
			isa = PBXHeadersBuildPhase;
			buildActionMask = 2147483647;
			files = (
			);
			runOnlyForDeploymentPostprocessing = 0;
		};
		62D729DE1FA5BDD900CD0897 /* Headers */ = {
			isa = PBXHeadersBuildPhase;
			buildActionMask = 2147483647;
			files = (
			);
			runOnlyForDeploymentPostprocessing = 0;
		};
		62D729EB1FA5BDF800CD0897 /* Headers */ = {
			isa = PBXHeadersBuildPhase;
			buildActionMask = 2147483647;
			files = (
			);
			runOnlyForDeploymentPostprocessing = 0;
		};
/* End PBXHeadersBuildPhase section */

/* Begin PBXNativeTarget section */
		62D729C41FA5BDB500CD0897 /* MultipartFormData-iOS */ = {
			isa = PBXNativeTarget;
			buildConfigurationList = 62D729D61FA5BDB500CD0897 /* Build configuration list for PBXNativeTarget "MultipartFormData-iOS" */;
			buildPhases = (
				62D729C01FA5BDB500CD0897 /* Sources */,
				62D729C11FA5BDB500CD0897 /* Frameworks */,
				62D729C21FA5BDB500CD0897 /* Headers */,
				62D729C31FA5BDB500CD0897 /* Resources */,
			);
			buildRules = (
			);
			dependencies = (
			);
			name = "MultipartFormData-iOS";
			productName = "MultipartFormData-iOS";
			productReference = 62D729C51FA5BDB500CD0897 /* MultipartFormData.framework */;
			productType = "com.apple.product-type.framework";
		};
		62D729E01FA5BDD900CD0897 /* MultipartFormData-watchOS */ = {
			isa = PBXNativeTarget;
			buildConfigurationList = 62D729E61FA5BDD900CD0897 /* Build configuration list for PBXNativeTarget "MultipartFormData-watchOS" */;
			buildPhases = (
				62D729DC1FA5BDD900CD0897 /* Sources */,
				62D729DD1FA5BDD900CD0897 /* Frameworks */,
				62D729DE1FA5BDD900CD0897 /* Headers */,
				62D729DF1FA5BDD900CD0897 /* Resources */,
			);
			buildRules = (
			);
			dependencies = (
			);
			name = "MultipartFormData-watchOS";
			productName = "MultipartFormData-watchOS";
			productReference = 62D729E11FA5BDD900CD0897 /* MultipartFormData.framework */;
			productType = "com.apple.product-type.framework";
		};
		62D729ED1FA5BDF800CD0897 /* MultipartFormData-tvOS */ = {
			isa = PBXNativeTarget;
			buildConfigurationList = 62D729F31FA5BDF900CD0897 /* Build configuration list for PBXNativeTarget "MultipartFormData-tvOS" */;
			buildPhases = (
				62D729E91FA5BDF800CD0897 /* Sources */,
				62D729EA1FA5BDF800CD0897 /* Frameworks */,
				62D729EB1FA5BDF800CD0897 /* Headers */,
				62D729EC1FA5BDF800CD0897 /* Resources */,
			);
			buildRules = (
			);
			dependencies = (
			);
			name = "MultipartFormData-tvOS";
			productName = "MultipartFormData-tvOS";
			productReference = 62D729EE1FA5BDF800CD0897 /* MultipartFormData.framework */;
			productType = "com.apple.product-type.framework";
		};
		"MultipartFormData::MultipartFormData" /* MultipartFormData-macOS */ = {
			isa = PBXNativeTarget;
			buildConfigurationList = OBJ_32 /* Build configuration list for PBXNativeTarget "MultipartFormData-macOS" */;
			buildPhases = (
				OBJ_35 /* Sources */,
				OBJ_37 /* Frameworks */,
			);
			buildRules = (
			);
			dependencies = (
			);
			name = "MultipartFormData-macOS";
			productName = MultipartFormData;
			productReference = "MultipartFormData::MultipartFormData::Product" /* MultipartFormData.framework */;
			productType = "com.apple.product-type.framework";
		};
		"MultipartFormData::MultipartFormDataTests" /* MultipartFormDataTests */ = {
			isa = PBXNativeTarget;
			buildConfigurationList = OBJ_23 /* Build configuration list for PBXNativeTarget "MultipartFormDataTests" */;
			buildPhases = (
				OBJ_26 /* Sources */,
				OBJ_28 /* Frameworks */,
			);
			buildRules = (
			);
			dependencies = (
				OBJ_30 /* PBXTargetDependency */,
			);
			name = MultipartFormDataTests;
			productName = MultipartFormDataTests;
			productReference = "MultipartFormData::MultipartFormDataTests::Product" /* MultipartFormDataTests.xctest */;
			productType = "com.apple.product-type.bundle.unit-test";
		};
		"MultipartFormData::SwiftPMPackageDescription" /* MultipartFormDataPackageDescription */ = {
			isa = PBXNativeTarget;
			buildConfigurationList = OBJ_17 /* Build configuration list for PBXNativeTarget "MultipartFormDataPackageDescription" */;
			buildPhases = (
				OBJ_20 /* Sources */,
			);
			buildRules = (
			);
			dependencies = (
			);
			name = MultipartFormDataPackageDescription;
			productName = MultipartFormDataPackageDescription;
			productType = "com.apple.product-type.framework";
		};
/* End PBXNativeTarget section */

/* Begin PBXProject section */
		OBJ_1 /* Project object */ = {
			isa = PBXProject;
			attributes = {
				LastSwiftUpdateCheck = 0900;
				LastUpgradeCheck = 9999;
				TargetAttributes = {
					62D729C41FA5BDB500CD0897 = {
						CreatedOnToolsVersion = 9.0.1;
						ProvisioningStyle = Automatic;
					};
					62D729E01FA5BDD900CD0897 = {
						CreatedOnToolsVersion = 9.0.1;
						ProvisioningStyle = Automatic;
					};
					62D729ED1FA5BDF800CD0897 = {
						CreatedOnToolsVersion = 9.0.1;
						ProvisioningStyle = Automatic;
					};
				};
			};
			buildConfigurationList = OBJ_2 /* Build configuration list for PBXProject "MultipartFormData" */;
			compatibilityVersion = "Xcode 3.2";
			developmentRegion = English;
			hasScannedForEncodings = 0;
			knownRegions = (
				en,
			);
			mainGroup = OBJ_5;
			productRefGroup = OBJ_13 /* Products */;
			projectDirPath = "";
			projectRoot = "";
			targets = (
				"MultipartFormData::SwiftPMPackageDescription" /* MultipartFormDataPackageDescription */,
				"MultipartFormData::MultipartFormDataTests" /* MultipartFormDataTests */,
				"MultipartFormData::MultipartFormDataPackageTests::ProductTarget" /* MultipartFormDataPackageTests */,
				"MultipartFormData::MultipartFormData" /* MultipartFormData-macOS */,
				62D729C41FA5BDB500CD0897 /* MultipartFormData-iOS */,
				62D729E01FA5BDD900CD0897 /* MultipartFormData-watchOS */,
				62D729ED1FA5BDF800CD0897 /* MultipartFormData-tvOS */,
			);
		};
/* End PBXProject section */

/* Begin PBXResourcesBuildPhase section */
		62D729C31FA5BDB500CD0897 /* Resources */ = {
			isa = PBXResourcesBuildPhase;
			buildActionMask = 2147483647;
			files = (
			);
			runOnlyForDeploymentPostprocessing = 0;
		};
		62D729DF1FA5BDD900CD0897 /* Resources */ = {
			isa = PBXResourcesBuildPhase;
			buildActionMask = 2147483647;
			files = (
			);
			runOnlyForDeploymentPostprocessing = 0;
		};
		62D729EC1FA5BDF800CD0897 /* Resources */ = {
			isa = PBXResourcesBuildPhase;
			buildActionMask = 2147483647;
			files = (
			);
			runOnlyForDeploymentPostprocessing = 0;
		};
/* End PBXResourcesBuildPhase section */

/* Begin PBXSourcesBuildPhase section */
		62D729C01FA5BDB500CD0897 /* Sources */ = {
			isa = PBXSourcesBuildPhase;
			buildActionMask = 2147483647;
			files = (
				621346721FA5EF5800DD098E /* MultipartFormData.swift in Sources */,
				621346731FA5EF5800DD098E /* Filename.swift in Sources */,
				621346741FA5EF5800DD098E /* ValidationResult.swift in Sources */,
				621346751FA5EF5800DD098E /* Name.swift in Sources */,
				621346761FA5EF5800DD098E /* ContentDisposition.swift in Sources */,
				621346771FA5EF5800DD098E /* ContentType.swift in Sources */,
				621346781FA5EF5800DD098E /* MIMEType.swift in Sources */,
				621346791FA5EF5800DD098E /* CRLF.swift in Sources */,
				6213467A1FA5EF5800DD098E /* Dash.swift in Sources */,
				6213467B1FA5EF5800DD098E /* BoundaryGenerator.swift in Sources */,
				6213467C1FA5EF5800DD098E /* MultipartFormData+Builder.swift in Sources */,
				6213467D1FA5EF5800DD098E /* MultipartFormData+Part.swift in Sources */,
			);
			runOnlyForDeploymentPostprocessing = 0;
		};
		62D729DC1FA5BDD900CD0897 /* Sources */ = {
			isa = PBXSourcesBuildPhase;
			buildActionMask = 2147483647;
			files = (
				6213467E1FA5EF5E00DD098E /* MultipartFormData.swift in Sources */,
				6213467F1FA5EF5E00DD098E /* Filename.swift in Sources */,
				621346801FA5EF5E00DD098E /* ValidationResult.swift in Sources */,
				621346811FA5EF5E00DD098E /* Name.swift in Sources */,
				621346821FA5EF5E00DD098E /* ContentDisposition.swift in Sources */,
				621346831FA5EF5E00DD098E /* ContentType.swift in Sources */,
				621346841FA5EF5E00DD098E /* MIMEType.swift in Sources */,
				621346851FA5EF5E00DD098E /* CRLF.swift in Sources */,
				621346861FA5EF5E00DD098E /* Dash.swift in Sources */,
				621346871FA5EF5E00DD098E /* BoundaryGenerator.swift in Sources */,
				621346881FA5EF5E00DD098E /* MultipartFormData+Builder.swift in Sources */,
				621346891FA5EF5E00DD098E /* MultipartFormData+Part.swift in Sources */,
			);
			runOnlyForDeploymentPostprocessing = 0;
		};
		62D729E91FA5BDF800CD0897 /* Sources */ = {
			isa = PBXSourcesBuildPhase;
			buildActionMask = 2147483647;
			files = (
				6213468A1FA5EF6100DD098E /* MultipartFormData.swift in Sources */,
				6213468B1FA5EF6100DD098E /* Filename.swift in Sources */,
				6213468C1FA5EF6100DD098E /* ValidationResult.swift in Sources */,
				6213468D1FA5EF6100DD098E /* Name.swift in Sources */,
				6213468E1FA5EF6100DD098E /* ContentDisposition.swift in Sources */,
				6213468F1FA5EF6100DD098E /* ContentType.swift in Sources */,
				621346901FA5EF6100DD098E /* MIMEType.swift in Sources */,
				621346911FA5EF6100DD098E /* CRLF.swift in Sources */,
				621346921FA5EF6100DD098E /* Dash.swift in Sources */,
				621346931FA5EF6100DD098E /* BoundaryGenerator.swift in Sources */,
				621346941FA5EF6100DD098E /* MultipartFormData+Builder.swift in Sources */,
				621346951FA5EF6100DD098E /* MultipartFormData+Part.swift in Sources */,
			);
			runOnlyForDeploymentPostprocessing = 0;
		};
		OBJ_20 /* Sources */ = {
			isa = PBXSourcesBuildPhase;
			buildActionMask = 0;
			files = (
				OBJ_21 /* Package.swift in Sources */,
			);
			runOnlyForDeploymentPostprocessing = 0;
		};
		OBJ_26 /* Sources */ = {
			isa = PBXSourcesBuildPhase;
			buildActionMask = 0;
			files = (
				OBJ_27 /* MultipartFormDataTests.swift in Sources */,
				2475E2FF4351A87B272D0F7B /* ContentDispositionTests.swift in Sources */,
				2475E0D5E2773BA4603E3EC6 /* ContentTypeTests.swift in Sources */,
				2475EDF70A4FE58583DDD6B7 /* FilenameTests.swift in Sources */,
				2475E5F76D34B19B9BC1D2ED /* NameTests.swift in Sources */,
				2475E8E2C02D072A637A6591 /* MultipartFormDataBuilderTests.swift in Sources */,
				2475E98937B5365758B34197 /* CompatibilityTests.swift in Sources */,
			);
			runOnlyForDeploymentPostprocessing = 0;
		};
		OBJ_35 /* Sources */ = {
			isa = PBXSourcesBuildPhase;
			buildActionMask = 0;
			files = (
				OBJ_36 /* MultipartFormData.swift in Sources */,
				2475E1A162712F9F649AB0AD /* ValidationResult.swift in Sources */,
				2475EA665B4BC80AEAA8A1BA /* Filename.swift in Sources */,
				2475EB84CA24B272BBF444B6 /* Name.swift in Sources */,
				2475E5DAEB0C0094029E813D /* ContentDisposition.swift in Sources */,
				2475EE512EA38B1FF3C31C56 /* ContentType.swift in Sources */,
				2475E579CBDABF38E0B9D480 /* MIMEType.swift in Sources */,
				2475E4A890F7A4A5639BC643 /* CRLF.swift in Sources */,
				2475E76801BAF80A8500EFC6 /* Dash.swift in Sources */,
				2475E2281C2495E07D6D8CA9 /* BoundaryGenerator.swift in Sources */,
				2475EE92C74A97CAB4C14121 /* MultipartFormData+Builder.swift in Sources */,
				2475E3509B820ACA79023A1C /* MultipartFormData+Part.swift in Sources */,
			);
			runOnlyForDeploymentPostprocessing = 0;
		};
/* End PBXSourcesBuildPhase section */

/* Begin PBXTargetDependency section */
		OBJ_30 /* PBXTargetDependency */ = {
			isa = PBXTargetDependency;
			target = "MultipartFormData::MultipartFormData" /* MultipartFormData-macOS */;
			targetProxy = 62858A5B1FA4EE2D0051CAED /* PBXContainerItemProxy */;
		};
		OBJ_42 /* PBXTargetDependency */ = {
			isa = PBXTargetDependency;
			target = "MultipartFormData::MultipartFormDataTests" /* MultipartFormDataTests */;
			targetProxy = 62858A5C1FA4EE2E0051CAED /* PBXContainerItemProxy */;
		};
/* End PBXTargetDependency section */

/* Begin XCBuildConfiguration section */
		62D729D71FA5BDB500CD0897 /* Debug */ = {
			isa = XCBuildConfiguration;
			buildSettings = {
				ALWAYS_SEARCH_USER_PATHS = NO;
				CLANG_ANALYZER_NONNULL = YES;
				CLANG_ANALYZER_NUMBER_OBJECT_CONVERSION = YES_AGGRESSIVE;
				CLANG_CXX_LANGUAGE_STANDARD = "gnu++14";
				CLANG_CXX_LIBRARY = "libc++";
				CLANG_ENABLE_MODULES = YES;
				CLANG_WARN_BLOCK_CAPTURE_AUTORELEASING = YES;
				CLANG_WARN_BOOL_CONVERSION = YES;
				CLANG_WARN_COMMA = YES;
				CLANG_WARN_CONSTANT_CONVERSION = YES;
				CLANG_WARN_DIRECT_OBJC_ISA_USAGE = YES_ERROR;
				CLANG_WARN_DOCUMENTATION_COMMENTS = YES;
				CLANG_WARN_EMPTY_BODY = YES;
				CLANG_WARN_ENUM_CONVERSION = YES;
				CLANG_WARN_INFINITE_RECURSION = YES;
				CLANG_WARN_INT_CONVERSION = YES;
				CLANG_WARN_NON_LITERAL_NULL_CONVERSION = YES;
				CLANG_WARN_OBJC_LITERAL_CONVERSION = YES;
				CLANG_WARN_OBJC_ROOT_CLASS = YES_ERROR;
				CLANG_WARN_RANGE_LOOP_ANALYSIS = YES;
				CLANG_WARN_STRICT_PROTOTYPES = YES;
				CLANG_WARN_SUSPICIOUS_MOVE = YES;
				CLANG_WARN_UNGUARDED_AVAILABILITY = YES_AGGRESSIVE;
				CLANG_WARN_UNREACHABLE_CODE = YES;
				CLANG_WARN__DUPLICATE_METHOD_MATCH = YES;
				CODE_SIGN_IDENTITY = "iPhone Developer";
				CODE_SIGN_STYLE = Automatic;
				CURRENT_PROJECT_VERSION = 1;
				DEFINES_MODULE = YES;
				DYLIB_COMPATIBILITY_VERSION = 1;
				DYLIB_CURRENT_VERSION = 1;
				DYLIB_INSTALL_NAME_BASE = "@rpath";
				ENABLE_STRICT_OBJC_MSGSEND = YES;
				ENABLE_TESTABILITY = YES;
				GCC_C_LANGUAGE_STANDARD = gnu11;
				GCC_DYNAMIC_NO_PIC = NO;
				GCC_NO_COMMON_BLOCKS = YES;
				GCC_PREPROCESSOR_DEFINITIONS = (
					"DEBUG=1",
					"$(inherited)",
				);
				GCC_WARN_64_TO_32_BIT_CONVERSION = YES;
				GCC_WARN_ABOUT_RETURN_TYPE = YES_ERROR;
				GCC_WARN_UNDECLARED_SELECTOR = YES;
				GCC_WARN_UNINITIALIZED_AUTOS = YES_AGGRESSIVE;
				GCC_WARN_UNUSED_FUNCTION = YES;
				GCC_WARN_UNUSED_VARIABLE = YES;
				INFOPLIST_FILE = MultipartFormData.xcodeproj/MultipartFormData_Info.plist;
				INSTALL_PATH = "$(LOCAL_LIBRARY_DIR)/Frameworks";
				IPHONEOS_DEPLOYMENT_TARGET = 11.0;
				LD_RUNPATH_SEARCH_PATHS = "$(inherited) @executable_path/Frameworks @loader_path/Frameworks";
				MTL_ENABLE_DEBUG_INFO = YES;
				PRODUCT_BUNDLE_IDENTIFIER = "com.kuniwak.MultipartFormData-iOS";
				PRODUCT_NAME = MultipartFormData;
				SDKROOT = iphoneos;
				SKIP_INSTALL = YES;
				SUPPORTED_PLATFORMS = "iphonesimulator iphoneos";
				SWIFT_ACTIVE_COMPILATION_CONDITIONS = DEBUG;
				SWIFT_VERSION = 4.0;
				TARGETED_DEVICE_FAMILY = "1,2";
				VERSIONING_SYSTEM = "apple-generic";
				VERSION_INFO_PREFIX = "";
			};
			name = Debug;
		};
		62D729D81FA5BDB500CD0897 /* Release */ = {
			isa = XCBuildConfiguration;
			buildSettings = {
				ALWAYS_SEARCH_USER_PATHS = NO;
				CLANG_ANALYZER_NONNULL = YES;
				CLANG_ANALYZER_NUMBER_OBJECT_CONVERSION = YES_AGGRESSIVE;
				CLANG_CXX_LANGUAGE_STANDARD = "gnu++14";
				CLANG_CXX_LIBRARY = "libc++";
				CLANG_ENABLE_MODULES = YES;
				CLANG_WARN_BLOCK_CAPTURE_AUTORELEASING = YES;
				CLANG_WARN_BOOL_CONVERSION = YES;
				CLANG_WARN_COMMA = YES;
				CLANG_WARN_CONSTANT_CONVERSION = YES;
				CLANG_WARN_DIRECT_OBJC_ISA_USAGE = YES_ERROR;
				CLANG_WARN_DOCUMENTATION_COMMENTS = YES;
				CLANG_WARN_EMPTY_BODY = YES;
				CLANG_WARN_ENUM_CONVERSION = YES;
				CLANG_WARN_INFINITE_RECURSION = YES;
				CLANG_WARN_INT_CONVERSION = YES;
				CLANG_WARN_NON_LITERAL_NULL_CONVERSION = YES;
				CLANG_WARN_OBJC_LITERAL_CONVERSION = YES;
				CLANG_WARN_OBJC_ROOT_CLASS = YES_ERROR;
				CLANG_WARN_RANGE_LOOP_ANALYSIS = YES;
				CLANG_WARN_STRICT_PROTOTYPES = YES;
				CLANG_WARN_SUSPICIOUS_MOVE = YES;
				CLANG_WARN_UNGUARDED_AVAILABILITY = YES_AGGRESSIVE;
				CLANG_WARN_UNREACHABLE_CODE = YES;
				CLANG_WARN__DUPLICATE_METHOD_MATCH = YES;
				CODE_SIGN_IDENTITY = "iPhone Developer";
				CODE_SIGN_STYLE = Automatic;
				COPY_PHASE_STRIP = NO;
				CURRENT_PROJECT_VERSION = 1;
				DEFINES_MODULE = YES;
				DYLIB_COMPATIBILITY_VERSION = 1;
				DYLIB_CURRENT_VERSION = 1;
				DYLIB_INSTALL_NAME_BASE = "@rpath";
				ENABLE_NS_ASSERTIONS = NO;
				ENABLE_STRICT_OBJC_MSGSEND = YES;
				GCC_C_LANGUAGE_STANDARD = gnu11;
				GCC_NO_COMMON_BLOCKS = YES;
				GCC_WARN_64_TO_32_BIT_CONVERSION = YES;
				GCC_WARN_ABOUT_RETURN_TYPE = YES_ERROR;
				GCC_WARN_UNDECLARED_SELECTOR = YES;
				GCC_WARN_UNINITIALIZED_AUTOS = YES_AGGRESSIVE;
				GCC_WARN_UNUSED_FUNCTION = YES;
				GCC_WARN_UNUSED_VARIABLE = YES;
				INFOPLIST_FILE = MultipartFormData.xcodeproj/MultipartFormData_Info.plist;
				INSTALL_PATH = "$(LOCAL_LIBRARY_DIR)/Frameworks";
				IPHONEOS_DEPLOYMENT_TARGET = 11.0;
				LD_RUNPATH_SEARCH_PATHS = "$(inherited) @executable_path/Frameworks @loader_path/Frameworks";
				MTL_ENABLE_DEBUG_INFO = NO;
				PRODUCT_BUNDLE_IDENTIFIER = "com.kuniwak.MultipartFormData-iOS";
				PRODUCT_NAME = MultipartFormData;
				SDKROOT = iphoneos;
				SKIP_INSTALL = YES;
				SUPPORTED_PLATFORMS = "iphonesimulator iphoneos";
				SWIFT_VERSION = 4.0;
				TARGETED_DEVICE_FAMILY = "1,2";
				VALIDATE_PRODUCT = YES;
				VERSIONING_SYSTEM = "apple-generic";
				VERSION_INFO_PREFIX = "";
			};
			name = Release;
		};
		62D729E71FA5BDD900CD0897 /* Debug */ = {
			isa = XCBuildConfiguration;
			buildSettings = {
				ALWAYS_SEARCH_USER_PATHS = NO;
				APPLICATION_EXTENSION_API_ONLY = YES;
				CLANG_ANALYZER_NONNULL = YES;
				CLANG_ANALYZER_NUMBER_OBJECT_CONVERSION = YES_AGGRESSIVE;
				CLANG_CXX_LANGUAGE_STANDARD = "gnu++14";
				CLANG_CXX_LIBRARY = "libc++";
				CLANG_ENABLE_MODULES = YES;
				CLANG_WARN_BLOCK_CAPTURE_AUTORELEASING = YES;
				CLANG_WARN_BOOL_CONVERSION = YES;
				CLANG_WARN_COMMA = YES;
				CLANG_WARN_CONSTANT_CONVERSION = YES;
				CLANG_WARN_DIRECT_OBJC_ISA_USAGE = YES_ERROR;
				CLANG_WARN_DOCUMENTATION_COMMENTS = YES;
				CLANG_WARN_EMPTY_BODY = YES;
				CLANG_WARN_ENUM_CONVERSION = YES;
				CLANG_WARN_INFINITE_RECURSION = YES;
				CLANG_WARN_INT_CONVERSION = YES;
				CLANG_WARN_NON_LITERAL_NULL_CONVERSION = YES;
				CLANG_WARN_OBJC_LITERAL_CONVERSION = YES;
				CLANG_WARN_OBJC_ROOT_CLASS = YES_ERROR;
				CLANG_WARN_RANGE_LOOP_ANALYSIS = YES;
				CLANG_WARN_STRICT_PROTOTYPES = YES;
				CLANG_WARN_SUSPICIOUS_MOVE = YES;
				CLANG_WARN_UNGUARDED_AVAILABILITY = YES_AGGRESSIVE;
				CLANG_WARN_UNREACHABLE_CODE = YES;
				CLANG_WARN__DUPLICATE_METHOD_MATCH = YES;
				CODE_SIGN_IDENTITY = "";
				CODE_SIGN_STYLE = Automatic;
				CURRENT_PROJECT_VERSION = 1;
				DEFINES_MODULE = YES;
				DYLIB_COMPATIBILITY_VERSION = 1;
				DYLIB_CURRENT_VERSION = 1;
				DYLIB_INSTALL_NAME_BASE = "@rpath";
				ENABLE_STRICT_OBJC_MSGSEND = YES;
				ENABLE_TESTABILITY = YES;
				GCC_C_LANGUAGE_STANDARD = gnu11;
				GCC_DYNAMIC_NO_PIC = NO;
				GCC_NO_COMMON_BLOCKS = YES;
				GCC_PREPROCESSOR_DEFINITIONS = (
					"DEBUG=1",
					"$(inherited)",
				);
				GCC_WARN_64_TO_32_BIT_CONVERSION = YES;
				GCC_WARN_ABOUT_RETURN_TYPE = YES_ERROR;
				GCC_WARN_UNDECLARED_SELECTOR = YES;
				GCC_WARN_UNINITIALIZED_AUTOS = YES_AGGRESSIVE;
				GCC_WARN_UNUSED_FUNCTION = YES;
				GCC_WARN_UNUSED_VARIABLE = YES;
				INFOPLIST_FILE = MultipartFormData.xcodeproj/MultipartFormData_Info.plist;
				INSTALL_PATH = "$(LOCAL_LIBRARY_DIR)/Frameworks";
				LD_RUNPATH_SEARCH_PATHS = "$(inherited) @executable_path/Frameworks @loader_path/Frameworks";
				MTL_ENABLE_DEBUG_INFO = YES;
				PRODUCT_BUNDLE_IDENTIFIER = "com.kuniwak.MultipartFormData-watchOS";
				PRODUCT_NAME = MultipartFormData;
				SDKROOT = watchos;
				SKIP_INSTALL = YES;
				SUPPORTED_PLATFORMS = "watchsimulator watchos";
				SWIFT_ACTIVE_COMPILATION_CONDITIONS = DEBUG;
				SWIFT_VERSION = 4.0;
				TARGETED_DEVICE_FAMILY = 4;
				VERSIONING_SYSTEM = "apple-generic";
				VERSION_INFO_PREFIX = "";
				WATCHOS_DEPLOYMENT_TARGET = 4.0;
			};
			name = Debug;
		};
		62D729E81FA5BDD900CD0897 /* Release */ = {
			isa = XCBuildConfiguration;
			buildSettings = {
				ALWAYS_SEARCH_USER_PATHS = NO;
				APPLICATION_EXTENSION_API_ONLY = YES;
				CLANG_ANALYZER_NONNULL = YES;
				CLANG_ANALYZER_NUMBER_OBJECT_CONVERSION = YES_AGGRESSIVE;
				CLANG_CXX_LANGUAGE_STANDARD = "gnu++14";
				CLANG_CXX_LIBRARY = "libc++";
				CLANG_ENABLE_MODULES = YES;
				CLANG_WARN_BLOCK_CAPTURE_AUTORELEASING = YES;
				CLANG_WARN_BOOL_CONVERSION = YES;
				CLANG_WARN_COMMA = YES;
				CLANG_WARN_CONSTANT_CONVERSION = YES;
				CLANG_WARN_DIRECT_OBJC_ISA_USAGE = YES_ERROR;
				CLANG_WARN_DOCUMENTATION_COMMENTS = YES;
				CLANG_WARN_EMPTY_BODY = YES;
				CLANG_WARN_ENUM_CONVERSION = YES;
				CLANG_WARN_INFINITE_RECURSION = YES;
				CLANG_WARN_INT_CONVERSION = YES;
				CLANG_WARN_NON_LITERAL_NULL_CONVERSION = YES;
				CLANG_WARN_OBJC_LITERAL_CONVERSION = YES;
				CLANG_WARN_OBJC_ROOT_CLASS = YES_ERROR;
				CLANG_WARN_RANGE_LOOP_ANALYSIS = YES;
				CLANG_WARN_STRICT_PROTOTYPES = YES;
				CLANG_WARN_SUSPICIOUS_MOVE = YES;
				CLANG_WARN_UNGUARDED_AVAILABILITY = YES_AGGRESSIVE;
				CLANG_WARN_UNREACHABLE_CODE = YES;
				CLANG_WARN__DUPLICATE_METHOD_MATCH = YES;
				CODE_SIGN_IDENTITY = "";
				CODE_SIGN_STYLE = Automatic;
				COPY_PHASE_STRIP = NO;
				CURRENT_PROJECT_VERSION = 1;
				DEFINES_MODULE = YES;
				DYLIB_COMPATIBILITY_VERSION = 1;
				DYLIB_CURRENT_VERSION = 1;
				DYLIB_INSTALL_NAME_BASE = "@rpath";
				ENABLE_NS_ASSERTIONS = NO;
				ENABLE_STRICT_OBJC_MSGSEND = YES;
				GCC_C_LANGUAGE_STANDARD = gnu11;
				GCC_NO_COMMON_BLOCKS = YES;
				GCC_WARN_64_TO_32_BIT_CONVERSION = YES;
				GCC_WARN_ABOUT_RETURN_TYPE = YES_ERROR;
				GCC_WARN_UNDECLARED_SELECTOR = YES;
				GCC_WARN_UNINITIALIZED_AUTOS = YES_AGGRESSIVE;
				GCC_WARN_UNUSED_FUNCTION = YES;
				GCC_WARN_UNUSED_VARIABLE = YES;
				INFOPLIST_FILE = MultipartFormData.xcodeproj/MultipartFormData_Info.plist;
				INSTALL_PATH = "$(LOCAL_LIBRARY_DIR)/Frameworks";
				LD_RUNPATH_SEARCH_PATHS = "$(inherited) @executable_path/Frameworks @loader_path/Frameworks";
				MTL_ENABLE_DEBUG_INFO = NO;
				PRODUCT_BUNDLE_IDENTIFIER = "com.kuniwak.MultipartFormData-watchOS";
				PRODUCT_NAME = MultipartFormData;
				SDKROOT = watchos;
				SKIP_INSTALL = YES;
				SUPPORTED_PLATFORMS = "watchsimulator watchos";
				SWIFT_VERSION = 4.0;
				TARGETED_DEVICE_FAMILY = 4;
				VALIDATE_PRODUCT = YES;
				VERSIONING_SYSTEM = "apple-generic";
				VERSION_INFO_PREFIX = "";
				WATCHOS_DEPLOYMENT_TARGET = 4.0;
			};
			name = Release;
		};
		62D729F41FA5BDF900CD0897 /* Debug */ = {
			isa = XCBuildConfiguration;
			buildSettings = {
				ALWAYS_SEARCH_USER_PATHS = NO;
				CLANG_ANALYZER_NONNULL = YES;
				CLANG_ANALYZER_NUMBER_OBJECT_CONVERSION = YES_AGGRESSIVE;
				CLANG_CXX_LANGUAGE_STANDARD = "gnu++14";
				CLANG_CXX_LIBRARY = "libc++";
				CLANG_ENABLE_MODULES = YES;
				CLANG_WARN_BLOCK_CAPTURE_AUTORELEASING = YES;
				CLANG_WARN_BOOL_CONVERSION = YES;
				CLANG_WARN_COMMA = YES;
				CLANG_WARN_CONSTANT_CONVERSION = YES;
				CLANG_WARN_DIRECT_OBJC_ISA_USAGE = YES_ERROR;
				CLANG_WARN_DOCUMENTATION_COMMENTS = YES;
				CLANG_WARN_EMPTY_BODY = YES;
				CLANG_WARN_ENUM_CONVERSION = YES;
				CLANG_WARN_INFINITE_RECURSION = YES;
				CLANG_WARN_INT_CONVERSION = YES;
				CLANG_WARN_NON_LITERAL_NULL_CONVERSION = YES;
				CLANG_WARN_OBJC_LITERAL_CONVERSION = YES;
				CLANG_WARN_OBJC_ROOT_CLASS = YES_ERROR;
				CLANG_WARN_RANGE_LOOP_ANALYSIS = YES;
				CLANG_WARN_STRICT_PROTOTYPES = YES;
				CLANG_WARN_SUSPICIOUS_MOVE = YES;
				CLANG_WARN_UNGUARDED_AVAILABILITY = YES_AGGRESSIVE;
				CLANG_WARN_UNREACHABLE_CODE = YES;
				CLANG_WARN__DUPLICATE_METHOD_MATCH = YES;
				CODE_SIGN_IDENTITY = "";
				CODE_SIGN_STYLE = Automatic;
				CURRENT_PROJECT_VERSION = 1;
				DEFINES_MODULE = YES;
				DYLIB_COMPATIBILITY_VERSION = 1;
				DYLIB_CURRENT_VERSION = 1;
				DYLIB_INSTALL_NAME_BASE = "@rpath";
				ENABLE_STRICT_OBJC_MSGSEND = YES;
				ENABLE_TESTABILITY = YES;
				GCC_C_LANGUAGE_STANDARD = gnu11;
				GCC_DYNAMIC_NO_PIC = NO;
				GCC_NO_COMMON_BLOCKS = YES;
				GCC_PREPROCESSOR_DEFINITIONS = (
					"DEBUG=1",
					"$(inherited)",
				);
				GCC_WARN_64_TO_32_BIT_CONVERSION = YES;
				GCC_WARN_ABOUT_RETURN_TYPE = YES_ERROR;
				GCC_WARN_UNDECLARED_SELECTOR = YES;
				GCC_WARN_UNINITIALIZED_AUTOS = YES_AGGRESSIVE;
				GCC_WARN_UNUSED_FUNCTION = YES;
				GCC_WARN_UNUSED_VARIABLE = YES;
				INFOPLIST_FILE = MultipartFormData.xcodeproj/MultipartFormData_Info.plist;
				INSTALL_PATH = "$(LOCAL_LIBRARY_DIR)/Frameworks";
				LD_RUNPATH_SEARCH_PATHS = "$(inherited) @executable_path/Frameworks @loader_path/Frameworks";
				MTL_ENABLE_DEBUG_INFO = YES;
				PRODUCT_BUNDLE_IDENTIFIER = "com.kuniwak.MultipartFormData-tvOS";
				PRODUCT_NAME = MultipartFormData;
				SDKROOT = appletvos;
				SKIP_INSTALL = YES;
				SUPPORTED_PLATFORMS = "appletvsimulator appletvos";
				SWIFT_ACTIVE_COMPILATION_CONDITIONS = DEBUG;
				SWIFT_VERSION = 4.0;
				TARGETED_DEVICE_FAMILY = 3;
				TVOS_DEPLOYMENT_TARGET = 11.0;
				VERSIONING_SYSTEM = "apple-generic";
				VERSION_INFO_PREFIX = "";
			};
			name = Debug;
		};
		62D729F51FA5BDF900CD0897 /* Release */ = {
			isa = XCBuildConfiguration;
			buildSettings = {
				ALWAYS_SEARCH_USER_PATHS = NO;
				CLANG_ANALYZER_NONNULL = YES;
				CLANG_ANALYZER_NUMBER_OBJECT_CONVERSION = YES_AGGRESSIVE;
				CLANG_CXX_LANGUAGE_STANDARD = "gnu++14";
				CLANG_CXX_LIBRARY = "libc++";
				CLANG_ENABLE_MODULES = YES;
				CLANG_WARN_BLOCK_CAPTURE_AUTORELEASING = YES;
				CLANG_WARN_BOOL_CONVERSION = YES;
				CLANG_WARN_COMMA = YES;
				CLANG_WARN_CONSTANT_CONVERSION = YES;
				CLANG_WARN_DIRECT_OBJC_ISA_USAGE = YES_ERROR;
				CLANG_WARN_DOCUMENTATION_COMMENTS = YES;
				CLANG_WARN_EMPTY_BODY = YES;
				CLANG_WARN_ENUM_CONVERSION = YES;
				CLANG_WARN_INFINITE_RECURSION = YES;
				CLANG_WARN_INT_CONVERSION = YES;
				CLANG_WARN_NON_LITERAL_NULL_CONVERSION = YES;
				CLANG_WARN_OBJC_LITERAL_CONVERSION = YES;
				CLANG_WARN_OBJC_ROOT_CLASS = YES_ERROR;
				CLANG_WARN_RANGE_LOOP_ANALYSIS = YES;
				CLANG_WARN_STRICT_PROTOTYPES = YES;
				CLANG_WARN_SUSPICIOUS_MOVE = YES;
				CLANG_WARN_UNGUARDED_AVAILABILITY = YES_AGGRESSIVE;
				CLANG_WARN_UNREACHABLE_CODE = YES;
				CLANG_WARN__DUPLICATE_METHOD_MATCH = YES;
				CODE_SIGN_IDENTITY = "";
				CODE_SIGN_STYLE = Automatic;
				COPY_PHASE_STRIP = NO;
				CURRENT_PROJECT_VERSION = 1;
				DEFINES_MODULE = YES;
				DYLIB_COMPATIBILITY_VERSION = 1;
				DYLIB_CURRENT_VERSION = 1;
				DYLIB_INSTALL_NAME_BASE = "@rpath";
				ENABLE_NS_ASSERTIONS = NO;
				ENABLE_STRICT_OBJC_MSGSEND = YES;
				GCC_C_LANGUAGE_STANDARD = gnu11;
				GCC_NO_COMMON_BLOCKS = YES;
				GCC_WARN_64_TO_32_BIT_CONVERSION = YES;
				GCC_WARN_ABOUT_RETURN_TYPE = YES_ERROR;
				GCC_WARN_UNDECLARED_SELECTOR = YES;
				GCC_WARN_UNINITIALIZED_AUTOS = YES_AGGRESSIVE;
				GCC_WARN_UNUSED_FUNCTION = YES;
				GCC_WARN_UNUSED_VARIABLE = YES;
				INFOPLIST_FILE = MultipartFormData.xcodeproj/MultipartFormData_Info.plist;
				INSTALL_PATH = "$(LOCAL_LIBRARY_DIR)/Frameworks";
				LD_RUNPATH_SEARCH_PATHS = "$(inherited) @executable_path/Frameworks @loader_path/Frameworks";
				MTL_ENABLE_DEBUG_INFO = NO;
				PRODUCT_BUNDLE_IDENTIFIER = "com.kuniwak.MultipartFormData-tvOS";
				PRODUCT_NAME = MultipartFormData;
				SDKROOT = appletvos;
				SKIP_INSTALL = YES;
				SUPPORTED_PLATFORMS = "appletvsimulator appletvos";
				SWIFT_VERSION = 4.0;
				TARGETED_DEVICE_FAMILY = 3;
				TVOS_DEPLOYMENT_TARGET = 11.0;
				VALIDATE_PRODUCT = YES;
				VERSIONING_SYSTEM = "apple-generic";
				VERSION_INFO_PREFIX = "";
			};
			name = Release;
		};
		OBJ_18 /* Debug */ = {
			isa = XCBuildConfiguration;
			buildSettings = {
				LD = /usr/bin/true;
				OTHER_SWIFT_FLAGS = "-swift-version 4 -I /Applications/Xcode.app/Contents/Developer/Toolchains/XcodeDefault.xctoolchain/usr/lib/swift/pm/4 -target x86_64-apple-macosx10.10 -sdk /Applications/Xcode.app/Contents/Developer/Platforms/MacOSX.platform/Developer/SDKs/MacOSX10.13.sdk";
				SWIFT_VERSION = 4.0;
			};
			name = Debug;
		};
		OBJ_19 /* Release */ = {
			isa = XCBuildConfiguration;
			buildSettings = {
				LD = /usr/bin/true;
				OTHER_SWIFT_FLAGS = "-swift-version 4 -I /Applications/Xcode.app/Contents/Developer/Toolchains/XcodeDefault.xctoolchain/usr/lib/swift/pm/4 -target x86_64-apple-macosx10.10 -sdk /Applications/Xcode.app/Contents/Developer/Platforms/MacOSX.platform/Developer/SDKs/MacOSX10.13.sdk";
				SWIFT_VERSION = 4.0;
			};
			name = Release;
		};
		OBJ_24 /* Debug */ = {
			isa = XCBuildConfiguration;
			buildSettings = {
				EMBEDDED_CONTENT_CONTAINS_SWIFT = YES;
				FRAMEWORK_SEARCH_PATHS = (
					"$(inherited)",
					"$(PLATFORM_DIR)/Developer/Library/Frameworks",
				);
				HEADER_SEARCH_PATHS = "$(inherited)";
				INFOPLIST_FILE = MultipartFormData.xcodeproj/MultipartFormDataTests_Info.plist;
				LD_RUNPATH_SEARCH_PATHS = "@loader_path/../Frameworks @loader_path/Frameworks";
				OTHER_LDFLAGS = "$(inherited)";
				OTHER_SWIFT_FLAGS = "$(inherited)";
				SWIFT_VERSION = 4.0;
				TARGET_NAME = MultipartFormDataTests;
			};
			name = Debug;
		};
		OBJ_25 /* Release */ = {
			isa = XCBuildConfiguration;
			buildSettings = {
				EMBEDDED_CONTENT_CONTAINS_SWIFT = YES;
				FRAMEWORK_SEARCH_PATHS = (
					"$(inherited)",
					"$(PLATFORM_DIR)/Developer/Library/Frameworks",
				);
				HEADER_SEARCH_PATHS = "$(inherited)";
				INFOPLIST_FILE = MultipartFormData.xcodeproj/MultipartFormDataTests_Info.plist;
				LD_RUNPATH_SEARCH_PATHS = "@loader_path/../Frameworks @loader_path/Frameworks";
				OTHER_LDFLAGS = "$(inherited)";
				OTHER_SWIFT_FLAGS = "$(inherited)";
				SWIFT_VERSION = 4.0;
				TARGET_NAME = MultipartFormDataTests;
			};
			name = Release;
		};
		OBJ_3 /* Debug */ = {
			isa = XCBuildConfiguration;
			buildSettings = {
				CLANG_ENABLE_OBJC_ARC = YES;
				COMBINE_HIDPI_IMAGES = YES;
				COPY_PHASE_STRIP = NO;
				DEBUG_INFORMATION_FORMAT = dwarf;
				DYLIB_INSTALL_NAME_BASE = "@rpath";
				ENABLE_NS_ASSERTIONS = YES;
				GCC_OPTIMIZATION_LEVEL = 0;
				MACOSX_DEPLOYMENT_TARGET = 10.10;
				ONLY_ACTIVE_ARCH = YES;
				OTHER_SWIFT_FLAGS = "-DXcode";
				PRODUCT_NAME = "$(TARGET_NAME)";
				SDKROOT = macosx;
				SUPPORTED_PLATFORMS = "";
				SWIFT_ACTIVE_COMPILATION_CONDITIONS = SWIFT_PACKAGE;
				SWIFT_OPTIMIZATION_LEVEL = "-Onone";
				USE_HEADERMAP = NO;
			};
			name = Debug;
		};
		OBJ_33 /* Debug */ = {
			isa = XCBuildConfiguration;
			buildSettings = {
				ENABLE_TESTABILITY = YES;
				FRAMEWORK_SEARCH_PATHS = (
					"$(inherited)",
					"$(PLATFORM_DIR)/Developer/Library/Frameworks",
				);
				HEADER_SEARCH_PATHS = "$(inherited)";
				INFOPLIST_FILE = "";
				LD_RUNPATH_SEARCH_PATHS = "$(TOOLCHAIN_DIR)/usr/lib/swift/macosx";
				OTHER_LDFLAGS = "$(inherited)";
				OTHER_SWIFT_FLAGS = "$(inherited)";
				PRODUCT_BUNDLE_IDENTIFIER = MultipartFormData;
				PRODUCT_MODULE_NAME = "$(TARGET_NAME:c99extidentifier)";
				PRODUCT_NAME = MultipartFormData;
				SKIP_INSTALL = YES;
				SUPPORTED_PLATFORMS = macosx;
				SWIFT_VERSION = 4.0;
				TARGET_NAME = MultipartFormData;
			};
			name = Debug;
		};
		OBJ_34 /* Release */ = {
			isa = XCBuildConfiguration;
			buildSettings = {
				ENABLE_TESTABILITY = YES;
				FRAMEWORK_SEARCH_PATHS = (
					"$(inherited)",
					"$(PLATFORM_DIR)/Developer/Library/Frameworks",
				);
				HEADER_SEARCH_PATHS = "$(inherited)";
				INFOPLIST_FILE = "";
				LD_RUNPATH_SEARCH_PATHS = "$(TOOLCHAIN_DIR)/usr/lib/swift/macosx";
				OTHER_LDFLAGS = "$(inherited)";
				OTHER_SWIFT_FLAGS = "$(inherited)";
				PRODUCT_BUNDLE_IDENTIFIER = MultipartFormData;
				PRODUCT_MODULE_NAME = "$(TARGET_NAME:c99extidentifier)";
				PRODUCT_NAME = MultipartFormData;
				SKIP_INSTALL = YES;
				SUPPORTED_PLATFORMS = macosx;
				SWIFT_VERSION = 4.0;
				TARGET_NAME = MultipartFormData;
			};
			name = Release;
		};
		OBJ_4 /* Release */ = {
			isa = XCBuildConfiguration;
			buildSettings = {
				CLANG_ENABLE_OBJC_ARC = YES;
				COMBINE_HIDPI_IMAGES = YES;
				COPY_PHASE_STRIP = YES;
				DEBUG_INFORMATION_FORMAT = "dwarf-with-dsym";
				DYLIB_INSTALL_NAME_BASE = "@rpath";
				GCC_OPTIMIZATION_LEVEL = s;
				MACOSX_DEPLOYMENT_TARGET = 10.10;
				OTHER_SWIFT_FLAGS = "-DXcode";
				PRODUCT_NAME = "$(TARGET_NAME)";
				SDKROOT = macosx;
				SUPPORTED_PLATFORMS = "";
				SWIFT_ACTIVE_COMPILATION_CONDITIONS = SWIFT_PACKAGE;
				SWIFT_OPTIMIZATION_LEVEL = "-Owholemodule";
				USE_HEADERMAP = NO;
			};
			name = Release;
		};
		OBJ_40 /* Debug */ = {
			isa = XCBuildConfiguration;
			buildSettings = {
			};
			name = Debug;
		};
		OBJ_41 /* Release */ = {
			isa = XCBuildConfiguration;
			buildSettings = {
			};
			name = Release;
		};
/* End XCBuildConfiguration section */

/* Begin XCConfigurationList section */
		62D729D61FA5BDB500CD0897 /* Build configuration list for PBXNativeTarget "MultipartFormData-iOS" */ = {
			isa = XCConfigurationList;
			buildConfigurations = (
				62D729D71FA5BDB500CD0897 /* Debug */,
				62D729D81FA5BDB500CD0897 /* Release */,
			);
			defaultConfigurationIsVisible = 0;
			defaultConfigurationName = Debug;
		};
		62D729E61FA5BDD900CD0897 /* Build configuration list for PBXNativeTarget "MultipartFormData-watchOS" */ = {
			isa = XCConfigurationList;
			buildConfigurations = (
				62D729E71FA5BDD900CD0897 /* Debug */,
				62D729E81FA5BDD900CD0897 /* Release */,
			);
			defaultConfigurationIsVisible = 0;
			defaultConfigurationName = Debug;
		};
		62D729F31FA5BDF900CD0897 /* Build configuration list for PBXNativeTarget "MultipartFormData-tvOS" */ = {
			isa = XCConfigurationList;
			buildConfigurations = (
				62D729F41FA5BDF900CD0897 /* Debug */,
				62D729F51FA5BDF900CD0897 /* Release */,
			);
			defaultConfigurationIsVisible = 0;
			defaultConfigurationName = Debug;
		};
		OBJ_17 /* Build configuration list for PBXNativeTarget "MultipartFormDataPackageDescription" */ = {
			isa = XCConfigurationList;
			buildConfigurations = (
				OBJ_18 /* Debug */,
				OBJ_19 /* Release */,
			);
			defaultConfigurationIsVisible = 0;
			defaultConfigurationName = Debug;
		};
		OBJ_2 /* Build configuration list for PBXProject "MultipartFormData" */ = {
			isa = XCConfigurationList;
			buildConfigurations = (
				OBJ_3 /* Debug */,
				OBJ_4 /* Release */,
			);
			defaultConfigurationIsVisible = 0;
			defaultConfigurationName = Debug;
		};
		OBJ_23 /* Build configuration list for PBXNativeTarget "MultipartFormDataTests" */ = {
			isa = XCConfigurationList;
			buildConfigurations = (
				OBJ_24 /* Debug */,
				OBJ_25 /* Release */,
			);
			defaultConfigurationIsVisible = 0;
			defaultConfigurationName = Debug;
		};
		OBJ_32 /* Build configuration list for PBXNativeTarget "MultipartFormData-macOS" */ = {
			isa = XCConfigurationList;
			buildConfigurations = (
				OBJ_33 /* Debug */,
				OBJ_34 /* Release */,
			);
			defaultConfigurationIsVisible = 0;
			defaultConfigurationName = Debug;
		};
		OBJ_39 /* Build configuration list for PBXAggregateTarget "MultipartFormDataPackageTests" */ = {
			isa = XCConfigurationList;
			buildConfigurations = (
				OBJ_40 /* Debug */,
				OBJ_41 /* Release */,
			);
			defaultConfigurationIsVisible = 0;
			defaultConfigurationName = Debug;
		};
/* End XCConfigurationList section */
	};
	rootObject = OBJ_1 /* Project object */;
}
